
Microsoft Visual Studio Solution File, Format Version 12.00
# Visual Studio Version 16
VisualStudioVersion = 16.0.31515.178
MinimumVisualStudioVersion = 10.0.40219.1
Project("{FAE04EC0-301F-11D3-BF4B-00C04F79EFBC}") = "Hercules.MA.ServicioExterno", "Hercules.MA.ServicioExterno\Hercules.MA.ServicioExterno.csproj", "{5B26760C-E97F-4FC3-918B-C43949C86089}"
EndProject
Global
	GlobalSection(SolutionConfigurationPlatforms) = preSolution
		Debug|Any CPU = Debug|Any CPU
		Release|Any CPU = Release|Any CPU
	EndGlobalSection
	GlobalSection(ProjectConfigurationPlatforms) = postSolution
		{5B26760C-E97F-4FC3-918B-C43949C86089}.Debug|Any CPU.ActiveCfg = Debug|Any CPU
		{5B26760C-E97F-4FC3-918B-C43949C86089}.Debug|Any CPU.Build.0 = Debug|Any CPU
		{5B26760C-E97F-4FC3-918B-C43949C86089}.Release|Any CPU.ActiveCfg = Release|Any CPU
		{5B26760C-E97F-4FC3-918B-C43949C86089}.Release|Any CPU.Build.0 = Release|Any CPU
	EndGlobalSection
	GlobalSection(SolutionProperties) = preSolution
		HideSolutionNode = FALSE
	EndGlobalSection
	GlobalSection(ExtensibilityGlobals) = postSolution
		SolutionGuid = {E30FDB4A-D414-4A7B-8CC6-CDA66EFE120F}
	EndGlobalSection
EndGlobal
